
Microsoft Visual Studio Solution File, Format Version 12.00
# Visual Studio Version 17
VisualStudioVersion = 17.8.34316.72
MinimumVisualStudioVersion = 10.0.40219.1
Project("{FAE04EC0-301F-11D3-BF4B-00C04F79EFBC}") = "SchemaDesign", "SchemaDesign\SchemaDesign.csproj", "{18C11C5F-DDC4-4786-9B03-DE399B34438B}"
EndProject
Global
	GlobalSection(SolutionConfigurationPlatforms) = preSolution
		Debug|Any CPU = Debug|Any CPU
		Release|Any CPU = Release|Any CPU
	EndGlobalSection
	GlobalSection(ProjectConfigurationPlatforms) = postSolution
		{18C11C5F-DDC4-4786-9B03-DE399B34438B}.Debug|Any CPU.ActiveCfg = Debug|Any CPU
		{18C11C5F-DDC4-4786-9B03-DE399B34438B}.Debug|Any CPU.Build.0 = Debug|Any CPU
		{18C11C5F-DDC4-4786-9B03-DE399B34438B}.Release|Any CPU.ActiveCfg = Release|Any CPU
		{18C11C5F-DDC4-4786-9B03-DE399B34438B}.Release|Any CPU.Build.0 = Release|Any CPU
	EndGlobalSection
	GlobalSection(SolutionProperties) = preSolution
		HideSolutionNode = FALSE
	EndGlobalSection
	GlobalSection(ExtensibilityGlobals) = postSolution
		SolutionGuid = {08799F8A-1F92-48E4-B9D7-E0223A994A3B}
	EndGlobalSection
EndGlobal
